
Microsoft Visual Studio Solution File, Format Version 12.00
# Visual Studio Version 16
VisualStudioVersion = 16.0.28917.181
MinimumVisualStudioVersion = 10.0.40219.1
Project("{FAE04EC0-301F-11D3-BF4B-00C04F79EFBC}") = "All_Beated", "All_Beated\All_Beated.csproj", "{F278D417-D7E3-4466-8121-81B86E46E939}"
EndProject
Global
	GlobalSection(SolutionConfigurationPlatforms) = preSolution
		Debug|Any CPU = Debug|Any CPU
		Release|Any CPU = Release|Any CPU
	EndGlobalSection
	GlobalSection(ProjectConfigurationPlatforms) = postSolution
		{F278D417-D7E3-4466-8121-81B86E46E939}.Debug|Any CPU.ActiveCfg = Debug|Any CPU
		{F278D417-D7E3-4466-8121-81B86E46E939}.Debug|Any CPU.Build.0 = Debug|Any CPU
		{F278D417-D7E3-4466-8121-81B86E46E939}.Release|Any CPU.ActiveCfg = Release|Any CPU
		{F278D417-D7E3-4466-8121-81B86E46E939}.Release|Any CPU.Build.0 = Release|Any CPU
	EndGlobalSection
	GlobalSection(SolutionProperties) = preSolution
		HideSolutionNode = FALSE
	EndGlobalSection
	GlobalSection(ExtensibilityGlobals) = postSolution
		SolutionGuid = {8E16B7A8-C83A-4343-B901-844036CF7C67}
	EndGlobalSection
EndGlobal
